// !$*UTF8*$!
{
	archiveVersion = 1;
	classes = {
	};
	objectVersion = 46;
	objects = {

/* Begin PBXBuildFile section */
		3041516A1C5F0A1200663347 /* 1.png in Resources */ = {isa = PBXBuildFile; fileRef = 304151691C5F0A1200663347 /* 1.png */; };
		306B647E1C5EE92100F01561 /* main.m in Sources */ = {isa = PBXBuildFile; fileRef = 306B647D1C5EE92100F01561 /* main.m */; };
		306B64961C5EE94600F01561 /* HXFlexoView.m in Sources */ = {isa = PBXBuildFile; fileRef = 306B64951C5EE94600F01561 /* HXFlexoView.m */; };
		306B649B1C5EE96500F01561 /* AppDelegate.m in Sources */ = {isa = PBXBuildFile; fileRef = 306B64981C5EE96500F01561 /* AppDelegate.m */; };
		306B649C1C5EE96500F01561 /* HXViewController.m in Sources */ = {isa = PBXBuildFile; fileRef = 306B649A1C5EE96500F01561 /* HXViewController.m */; };
		306B64A01C5EEAB100F01561 /* Assets.xcassets in Resources */ = {isa = PBXBuildFile; fileRef = 306B649D1C5EEAB100F01561 /* Assets.xcassets */; };
		306B64A11C5EEAB100F01561 /* Info.plist in Resources */ = {isa = PBXBuildFile; fileRef = 306B649E1C5EEAB100F01561 /* Info.plist */; };
		306B64A21C5EEAB100F01561 /* Images.xcassets in Resources */ = {isa = PBXBuildFile; fileRef = 306B649F1C5EEAB100F01561 /* Images.xcassets */; };
		306B64A41C5EF0EE00F01561 /* xiaoguo.gif in Resources */ = {isa = PBXBuildFile; fileRef = 306B64A31C5EF0EE00F01561 /* xiaoguo.gif */; };
		306B64A61C5EF85800F01561 /* tushi.png in Resources */ = {isa = PBXBuildFile; fileRef = 306B64A51C5EF85800F01561 /* tushi.png */; };
/* End PBXBuildFile section */

/* Begin PBXFileReference section */
		304151691C5F0A1200663347 /* 1.png */ = {isa = PBXFileReference; lastKnownFileType = image.png; path = 1.png; sourceTree = "<group>"; };
		306B64791C5EE92100F01561 /* HXFlexoView.app */ = {isa = PBXFileReference; explicitFileType = wrapper.application; includeInIndex = 0; path = HXFlexoView.app; sourceTree = BUILT_PRODUCTS_DIR; };
		306B647D1C5EE92100F01561 /* main.m */ = {isa = PBXFileReference; lastKnownFileType = sourcecode.c.objc; path = main.m; sourceTree = "<group>"; };
		306B64941C5EE94600F01561 /* HXFlexoView.h */ = {isa = PBXFileReference; fileEncoding = 4; lastKnownFileType = sourcecode.c.h; path = HXFlexoView.h; sourceTree = "<group>"; };
		306B64951C5EE94600F01561 /* HXFlexoView.m */ = {isa = PBXFileReference; fileEncoding = 4; lastKnownFileType = sourcecode.c.objc; path = HXFlexoView.m; sourceTree = "<group>"; };
		306B64971C5EE96500F01561 /* AppDelegate.h */ = {isa = PBXFileReference; fileEncoding = 4; lastKnownFileType = sourcecode.c.h; path = AppDelegate.h; sourceTree = "<group>"; };
		306B64981C5EE96500F01561 /* AppDelegate.m */ = {isa = PBXFileReference; fileEncoding = 4; lastKnownFileType = sourcecode.c.objc; path = AppDelegate.m; sourceTree = "<group>"; };
		306B64991C5EE96500F01561 /* HXViewController.h */ = {isa = PBXFileReference; fileEncoding = 4; lastKnownFileType = sourcecode.c.h; path = HXViewController.h; sourceTree = "<group>"; };
		306B649A1C5EE96500F01561 /* HXViewController.m */ = {isa = PBXFileReference; fileEncoding = 4; lastKnownFileType = sourcecode.c.objc; path = HXViewController.m; sourceTree = "<group>"; };
		306B649D1C5EEAB100F01561 /* Assets.xcassets */ = {isa = PBXFileReference; lastKnownFileType = folder.assetcatalog; path = Assets.xcassets; sourceTree = "<group>"; };
		306B649E1C5EEAB100F01561 /* Info.plist */ = {isa = PBXFileReference; fileEncoding = 4; lastKnownFileType = text.plist.xml; path = Info.plist; sourceTree = "<group>"; };
		306B649F1C5EEAB100F01561 /* Images.xcassets */ = {isa = PBXFileReference; lastKnownFileType = folder.assetcatalog; path = Images.xcassets; sourceTree = "<group>"; };
		306B64A31C5EF0EE00F01561 /* xiaoguo.gif */ = {isa = PBXFileReference; lastKnownFileType = image.gif; path = xiaoguo.gif; sourceTree = "<group>"; };
		306B64A51C5EF85800F01561 /* tushi.png */ = {isa = PBXFileReference; lastKnownFileType = image.png; path = tushi.png; sourceTree = "<group>"; };
/* End PBXFileReference section */

/* Begin PBXFrameworksBuildPhase section */
		306B64761C5EE92100F01561 /* Frameworks */ = {
			isa = PBXFrameworksBuildPhase;
			buildActionMask = 2147483647;
			files = (
			);
			runOnlyForDeploymentPostprocessing = 0;
		};
/* End PBXFrameworksBuildPhase section */

/* Begin PBXGroup section */
		306B64701C5EE92100F01561 = {
			isa = PBXGroup;
			children = (
				306B647B1C5EE92100F01561 /* HXFlexoView */,
				306B647A1C5EE92100F01561 /* Products */,
			);
			sourceTree = "<group>";
		};
		306B647A1C5EE92100F01561 /* Products */ = {
			isa = PBXGroup;
			children = (
				306B64791C5EE92100F01561 /* HXFlexoView.app */,
			);
			name = Products;
			sourceTree = "<group>";
		};
		306B647B1C5EE92100F01561 /* HXFlexoView */ = {
			isa = PBXGroup;
			children = (
				304151691C5F0A1200663347 /* 1.png */,
				306B64A51C5EF85800F01561 /* tushi.png */,
				306B64A31C5EF0EE00F01561 /* xiaoguo.gif */,
				306B64931C5EE94600F01561 /* 多功能View */,
				306B64971C5EE96500F01561 /* AppDelegate.h */,
				306B64981C5EE96500F01561 /* AppDelegate.m */,
				306B64991C5EE96500F01561 /* HXViewController.h */,
				306B649A1C5EE96500F01561 /* HXViewController.m */,
				306B649D1C5EEAB100F01561 /* Assets.xcassets */,
				306B649E1C5EEAB100F01561 /* Info.plist */,
				306B649F1C5EEAB100F01561 /* Images.xcassets */,
				306B647C1C5EE92100F01561 /* Supporting Files */,
			);
			path = HXFlexoView;
			sourceTree = "<group>";
		};
		306B647C1C5EE92100F01561 /* Supporting Files */ = {
			isa = PBXGroup;
			children = (
				306B647D1C5EE92100F01561 /* main.m */,
			);
			name = "Supporting Files";
			sourceTree = "<group>";
		};
		306B64931C5EE94600F01561 /* 多功能View */ = {
			isa = PBXGroup;
			children = (
				306B64941C5EE94600F01561 /* HXFlexoView.h */,
				306B64951C5EE94600F01561 /* HXFlexoView.m */,
			);
			path = "多功能View";
			sourceTree = "<group>";
		};
/* End PBXGroup section */

/* Begin PBXNativeTarget section */
		306B64781C5EE92100F01561 /* HXFlexoView */ = {
			isa = PBXNativeTarget;
			buildConfigurationList = 306B64901C5EE92100F01561 /* Build configuration list for PBXNativeTarget "HXFlexoView" */;
			buildPhases = (
				306B64751C5EE92100F01561 /* Sources */,
				306B64761C5EE92100F01561 /* Frameworks */,
				306B64771C5EE92100F01561 /* Resources */,
			);
			buildRules = (
			);
			dependencies = (
			);
			name = HXFlexoView;
			productName = HXFlexoView;
			productReference = 306B64791C5EE92100F01561 /* HXFlexoView.app */;
			productType = "com.apple.product-type.application";
		};
/* End PBXNativeTarget section */

/* Begin PBXProject section */
		306B64711C5EE92100F01561 /* Project object */ = {
			isa = PBXProject;
			attributes = {
				LastUpgradeCheck = 0720;
				ORGANIZATIONNAME = "IT小子";
				TargetAttributes = {
					306B64781C5EE92100F01561 = {
						CreatedOnToolsVersion = 7.2;
					};
				};
			};
			buildConfigurationList = 306B64741C5EE92100F01561 /* Build configuration list for PBXProject "HXFlexoView" */;
			compatibilityVersion = "Xcode 3.2";
			developmentRegion = English;
			hasScannedForEncodings = 0;
			knownRegions = (
				en,
				Base,
			);
			mainGroup = 306B64701C5EE92100F01561;
			productRefGroup = 306B647A1C5EE92100F01561 /* Products */;
			projectDirPath = "";
			projectRoot = "";
			targets = (
				306B64781C5EE92100F01561 /* HXFlexoView */,
			);
		};
/* End PBXProject section */

/* Begin PBXResourcesBuildPhase section */
		306B64771C5EE92100F01561 /* Resources */ = {
			isa = PBXResourcesBuildPhase;
			buildActionMask = 2147483647;
			files = (
				306B64A21C5EEAB100F01561 /* Images.xcassets in Resources */,
				306B64A61C5EF85800F01561 /* tushi.png in Resources */,
				306B64A11C5EEAB100F01561 /* Info.plist in Resources */,
				3041516A1C5F0A1200663347 /* 1.png in Resources */,
				306B64A01C5EEAB100F01561 /* Assets.xcassets in Resources */,
				306B64A41C5EF0EE00F01561 /* xiaoguo.gif in Resources */,
			);
			runOnlyForDeploymentPostprocessing = 0;
		};
/* End PBXResourcesBuildPhase section */

/* Begin PBXSourcesBuildPhase section */
		306B64751C5EE92100F01561 /* Sources */ = {
			isa = PBXSourcesBuildPhase;
			buildActionMask = 2147483647;
			files = (
				306B649C1C5EE96500F01561 /* HXViewController.m in Sources */,
				306B64961C5EE94600F01561 /* HXFlexoView.m in Sources */,
				306B647E1C5EE92100F01561 /* main.m in Sources */,
				306B649B1C5EE96500F01561 /* AppDelegate.m in Sources */,
			);
			runOnlyForDeploymentPostprocessing = 0;
		};
/* End PBXSourcesBuildPhase section */

/* Begin XCBuildConfiguration section */
		306B648E1C5EE92100F01561 /* Debug */ = {
			isa = XCBuildConfiguration;
			buildSettings = {
				ALWAYS_SEARCH_USER_PATHS = NO;
				CLANG_CXX_LANGUAGE_STANDARD = "gnu++0x";
				CLANG_CXX_LIBRARY = "libc++";
				CLANG_ENABLE_MODULES = YES;
				CLANG_ENABLE_OBJC_ARC = YES;
				CLANG_WARN_BOOL_CONVERSION = YES;
				CLANG_WARN_CONSTANT_CONVERSION = YES;
				CLANG_WARN_DIRECT_OBJC_ISA_USAGE = YES_ERROR;
				CLANG_WARN_EMPTY_BODY = YES;
				CLANG_WARN_ENUM_CONVERSION = YES;
				CLANG_WARN_INT_CONVERSION = YES;
				CLANG_WARN_OBJC_ROOT_CLASS = YES_ERROR;
				CLANG_WARN_UNREACHABLE_CODE = YES;
				CLANG_WARN__DUPLICATE_METHOD_MATCH = YES;
				"CODE_SIGN_IDENTITY[sdk=iphoneos*]" = "iPhone Developer";
				COPY_PHASE_STRIP = NO;
				DEBUG_INFORMATION_FORMAT = dwarf;
				ENABLE_STRICT_OBJC_MSGSEND = YES;
				ENABLE_TESTABILITY = YES;
				GCC_C_LANGUAGE_STANDARD = gnu99;
				GCC_DYNAMIC_NO_PIC = NO;
				GCC_NO_COMMON_BLOCKS = YES;
				GCC_OPTIMIZATION_LEVEL = 0;
				GCC_PREPROCESSOR_DEFINITIONS = (
					"DEBUG=1",
					"$(inherited)",
				);
				GCC_WARN_64_TO_32_BIT_CONVERSION = YES;
				GCC_WARN_ABOUT_RETURN_TYPE = YES_ERROR;
				GCC_WARN_UNDECLARED_SELECTOR = YES;
				GCC_WARN_UNINITIALIZED_AUTOS = YES_AGGRESSIVE;
				GCC_WARN_UNUSED_FUNCTION = YES;
				GCC_WARN_UNUSED_VARIABLE = YES;
				IPHONEOS_DEPLOYMENT_TARGET = 9.2;
				MTL_ENABLE_DEBUG_INFO = YES;
				ONLY_ACTIVE_ARCH = YES;
				SDKROOT = iphoneos;
			};
			name = Debug;
		};
		306B648F1C5EE92100F01561 /* Release */ = {
			isa = XCBuildConfiguration;
			buildSettings = {
				ALWAYS_SEARCH_USER_PATHS = NO;
				CLANG_CXX_LANGUAGE_STANDARD = "gnu++0x";
				CLANG_CXX_LIBRARY = "libc++";
				CLANG_ENABLE_MODULES = YES;
				CLANG_ENABLE_OBJC_ARC = YES;
				CLANG_WARN_BOOL_CONVERSION = YES;
				CLANG_WARN_CONSTANT_CONVERSION = YES;
				CLANG_WARN_DIRECT_OBJC_ISA_USAGE = YES_ERROR;
				CLANG_WARN_EMPTY_BODY = YES;
				CLANG_WARN_ENUM_CONVERSION = YES;
				CLANG_WARN_INT_CONVERSION = YES;
				CLANG_WARN_OBJC_ROOT_CLASS = YES_ERROR;
				CLANG_WARN_UNREACHABLE_CODE = YES;
				CLANG_WARN__DUPLICATE_METHOD_MATCH = YES;
				"CODE_SIGN_IDENTITY[sdk=iphoneos*]" = "iPhone Developer";
				COPY_PHASE_STRIP = NO;
				DEBUG_INFORMATION_FORMAT = "dwarf-with-dsym";
				ENABLE_NS_ASSERTIONS = NO;
				ENABLE_STRICT_OBJC_MSGSEND = YES;
				GCC_C_LANGUAGE_STANDARD = gnu99;
				GCC_NO_COMMON_BLOCKS = YES;
				GCC_WARN_64_TO_32_BIT_CONVERSION = YES;
				GCC_WARN_ABOUT_RETURN_TYPE = YES_ERROR;
				GCC_WARN_UNDECLARED_SELECTOR = YES;
				GCC_WARN_UNINITIALIZED_AUTOS = YES_AGGRESSIVE;
				GCC_WARN_UNUSED_FUNCTION = YES;
				GCC_WARN_UNUSED_VARIABLE = YES;
				IPHONEOS_DEPLOYMENT_TARGET = 9.2;
				MTL_ENABLE_DEBUG_INFO = NO;
				SDKROOT = iphoneos;
				VALIDATE_PRODUCT = YES;
			};
			name = Release;
		};
		306B64911C5EE92100F01561 /* Debug */ = {
			isa = XCBuildConfiguration;
			buildSettings = {
				ASSETCATALOG_COMPILER_APPICON_NAME = AppIcon;
				ASSETCATALOG_COMPILER_LAUNCHIMAGE_NAME = LaunchImage;
				INFOPLIST_FILE = HXFlexoView/Info.plist;
				LD_RUNPATH_SEARCH_PATHS = "$(inherited) @executable_path/Frameworks";
				PRODUCT_BUNDLE_IDENTIFIER = blog.libuqing.com.HXFlexoView;
				PRODUCT_NAME = "$(TARGET_NAME)";
			};
			name = Debug;
		};
		306B64921C5EE92100F01561 /* Release */ = {
			isa = XCBuildConfiguration;
			buildSettings = {
				ASSETCATALOG_COMPILER_APPICON_NAME = AppIcon;
				ASSETCATALOG_COMPILER_LAUNCHIMAGE_NAME = LaunchImage;
				INFOPLIST_FILE = HXFlexoView/Info.plist;
				LD_RUNPATH_SEARCH_PATHS = "$(inherited) @executable_path/Frameworks";
				PRODUCT_BUNDLE_IDENTIFIER = blog.libuqing.com.HXFlexoView;
				PRODUCT_NAME = "$(TARGET_NAME)";
			};
			name = Release;
		};
/* End XCBuildConfiguration section */

/* Begin XCConfigurationList section */
		306B64741C5EE92100F01561 /* Build configuration list for PBXProject "HXFlexoView" */ = {
			isa = XCConfigurationList;
			buildConfigurations = (
				306B648E1C5EE92100F01561 /* Debug */,
				306B648F1C5EE92100F01561 /* Release */,
			);
			defaultConfigurationIsVisible = 0;
			defaultConfigurationName = Release;
		};
		306B64901C5EE92100F01561 /* Build configuration list for PBXNativeTarget "HXFlexoView" */ = {
			isa = XCConfigurationList;
			buildConfigurations = (
				306B64911C5EE92100F01561 /* Debug */,
				306B64921C5EE92100F01561 /* Release */,
			);
			defaultConfigurationIsVisible = 0;
			defaultConfigurationName = Release;
		};
/* End XCConfigurationList section */
	};
	rootObject = 306B64711C5EE92100F01561 /* Project object */;
}
